{
  "name": "exts",
  "lockfileVersion": 3,
  "requires": true,
  "packages": {
    "": {
      "dependencies": {
        "@girs/gnome-shell": "^3.0.0"
      }
    },
    "node_modules/@girs/atk-1.0": {
      "version": "2.45.1-3.0.0-beta.16",
      "resolved": "https://registry.npmjs.org/@girs/atk-1.0/-/atk-1.0-2.45.1-3.0.0-beta.16.tgz",
      "integrity": "sha512-ra5VP7+PfOTM19boycGT2fzLNaIL7rpUJFN/o/afpv3u5qrc6DXPXqm6TYHvju6wNSfWZdjTIazC8rHKeCtTrg==",
      "dependencies": {
        "@girs/gjs": "^3.0.0-beta.16",
        "@girs/glib-2.0": "^2.76.1-3.0.0-beta.16",
        "@girs/gobject-2.0": "^2.76.1-3.0.0-beta.16"
      }
    },
    "node_modules/@girs/cairo-1.0": {
      "version": "1.0.0-3.1.0",
      "resolved": "https://registry.npmjs.org/@girs/cairo-1.0/-/cairo-1.0-1.0.0-3.1.0.tgz",
      "integrity": "sha512-Kw4mVzArvNrsmzh+ehxONNBenQJquJgtOVp7mCGvn0/jYY//ekOSIMREVMNLjnk3Oz1vx5NjZ7A5zm7Z18m2rg==",
      "dependencies": {
        "@girs/gjs": "^3.1.0",
        "@girs/gobject-2.0": "^2.76.1-3.1.0"
      }
    },
    "node_modules/@girs/cally-12": {
      "version": "12.0.0-3.1.0",
      "resolved": "https://registry.npmjs.org/@girs/cally-12/-/cally-12-12.0.0-3.1.0.tgz",
      "integrity": "sha512-hUFaq/SG48VtKVR/y0IvomaEytdrBz2Odd1KsRiskEAr+Bh2j6iqarQ8snOiMvRLVqTArAPcGbU25hl7uuc+9g==",
      "dependencies": {
        "@girs/atk-1.0": "^2.48.3-3.1.0",
        "@girs/cairo-1.0": "^1.0.0-3.1.0",
        "@girs/clutter-12": "^12.0.0-3.1.0",
        "@girs/cogl-12": "^12.0.0-3.1.0",
        "@girs/coglpango-12": "^12.0.0-3.1.0",
        "@girs/freetype2-2.0": "^2.0.0-3.1.0",
        "@girs/gio-2.0": "^2.76.1-3.1.0",
        "@girs/gjs": "^3.1.0",
        "@girs/gl-1.0": "^1.0.0-3.1.0",
        "@girs/glib-2.0": "^2.76.1-3.1.0",
        "@girs/gobject-2.0": "^2.76.1-3.1.0",
        "@girs/graphene-1.0": "^1.0.0-3.1.0",
        "@girs/harfbuzz-0.0": "^7.1.0-3.1.0",
        "@girs/json-1.0": "^1.7.1-3.1.0",
        "@girs/pango-1.0": "^1.50.14-3.1.0",
        "@girs/pangocairo-1.0": "^1.0.0-3.1.0"
      }
    },
    "node_modules/@girs/cally-12/node_modules/@girs/atk-1.0": {
      "version": "2.48.3-3.1.0",
      "resolved": "https://registry.npmjs.org/@girs/atk-1.0/-/atk-1.0-2.48.3-3.1.0.tgz",
      "integrity": "sha512-BWHOCJgqIwWOvNCc7pa+0ToXx9Z8Cqc6DQwsqB7VbcRe7q/I6maPeCrTC+YwRI48GUPBz4Zf6r+PAzkOQhr3wg==",
      "dependencies": {
        "@girs/gjs": "^3.1.0",
        "@girs/glib-2.0": "^2.76.1-3.1.0",
        "@girs/gobject-2.0": "^2.76.1-3.1.0"
      }
    },
    "node_modules/@girs/clutter-12": {
      "version": "12.0.0-3.1.0",
      "resolved": "https://registry.npmjs.org/@girs/clutter-12/-/clutter-12-12.0.0-3.1.0.tgz",
      "integrity": "sha512-kfEp1vO+8SLiLn7CExzJKLWVBFKSkkh6Wjj3XhRfjfNKCWCpbR6wb7KVxoGxkq6B8AHEbyACZht2Lo/m3Irj8w==",
      "dependencies": {
        "@girs/atk-1.0": "^2.48.3-3.1.0",
        "@girs/cairo-1.0": "^1.0.0-3.1.0",
        "@girs/cogl-12": "^12.0.0-3.1.0",
        "@girs/coglpango-12": "^12.0.0-3.1.0",
        "@girs/freetype2-2.0": "^2.0.0-3.1.0",
        "@girs/gio-2.0": "^2.76.1-3.1.0",
        "@girs/gjs": "^3.1.0",
        "@girs/gl-1.0": "^1.0.0-3.1.0",
        "@girs/glib-2.0": "^2.76.1-3.1.0",
        "@girs/gobject-2.0": "^2.76.1-3.1.0",
        "@girs/graphene-1.0": "^1.0.0-3.1.0",
        "@girs/harfbuzz-0.0": "^7.1.0-3.1.0",
        "@girs/json-1.0": "^1.7.1-3.1.0",
        "@girs/pango-1.0": "^1.50.14-3.1.0",
        "@girs/pangocairo-1.0": "^1.0.0-3.1.0"
      }
    },
    "node_modules/@girs/clutter-12/node_modules/@girs/atk-1.0": {
      "version": "2.48.3-3.1.0",
      "resolved": "https://registry.npmjs.org/@girs/atk-1.0/-/atk-1.0-2.48.3-3.1.0.tgz",
      "integrity": "sha512-BWHOCJgqIwWOvNCc7pa+0ToXx9Z8Cqc6DQwsqB7VbcRe7q/I6maPeCrTC+YwRI48GUPBz4Zf6r+PAzkOQhr3wg==",
      "dependencies": {
        "@girs/gjs": "^3.1.0",
        "@girs/glib-2.0": "^2.76.1-3.1.0",
        "@girs/gobject-2.0": "^2.76.1-3.1.0"
      }
    },
    "node_modules/@girs/cogl-12": {
      "version": "12.0.0-3.1.0",
      "resolved": "https://registry.npmjs.org/@girs/cogl-12/-/cogl-12-12.0.0-3.1.0.tgz",
      "integrity": "sha512-GjQDrPNnvauFH0iqOFxGDxNRw+bo1lNzjKuyBd7TQYuLFz6HqPO/apL5y+nl9YT04H2i1zfobUM+Brq/JPrmLw==",
      "dependencies": {
        "@girs/cairo-1.0": "^1.0.0-3.1.0",
        "@girs/gjs": "^3.1.0",
        "@girs/gl-1.0": "^1.0.0-3.1.0",
        "@girs/glib-2.0": "^2.76.1-3.1.0",
        "@girs/gobject-2.0": "^2.76.1-3.1.0",
        "@girs/graphene-1.0": "^1.0.0-3.1.0"
      }
    },
    "node_modules/@girs/cogl-2.0": {
      "version": "2.0.0-3.1.0",
      "resolved": "https://registry.npmjs.org/@girs/cogl-2.0/-/cogl-2.0-2.0.0-3.1.0.tgz",
      "integrity": "sha512-vetuuYqX+TXsUFB904VUAkoJtuhl5Dgyo1V7IMcAyctTAlC2ZXo2WwTAICIldCCBTARs4+6zBnWoj9vG/PV9Ag==",
      "dependencies": {
        "@girs/gjs": "^3.1.0",
        "@girs/gl-1.0": "^1.0.0-3.1.0",
        "@girs/glib-2.0": "^2.76.1-3.1.0",
        "@girs/gobject-2.0": "^2.76.1-3.1.0"
      }
    },
    "node_modules/@girs/coglpango-12": {
      "version": "12.0.0-3.1.0",
      "resolved": "https://registry.npmjs.org/@girs/coglpango-12/-/coglpango-12-12.0.0-3.1.0.tgz",
      "integrity": "sha512-ctbPAkPi0UHbCAIsUIezfayY2Dn24PngQyA+Oo0/pVvY5xVASDpcXRUlKZU/Jg+LTLjXDi2imQNWdidZLIaJ2Q==",
      "dependencies": {
        "@girs/cairo-1.0": "^1.0.0-3.1.0",
        "@girs/cogl-12": "^12.0.0-3.1.0",
        "@girs/freetype2-2.0": "^2.0.0-3.1.0",
        "@girs/gio-2.0": "^2.76.1-3.1.0",
        "@girs/gjs": "^3.1.0",
        "@girs/gl-1.0": "^1.0.0-3.1.0",
        "@girs/glib-2.0": "^2.76.1-3.1.0",
        "@girs/gobject-2.0": "^2.76.1-3.1.0",
        "@girs/graphene-1.0": "^1.0.0-3.1.0",
        "@girs/harfbuzz-0.0": "^7.1.0-3.1.0",
        "@girs/pango-1.0": "^1.50.14-3.1.0",
        "@girs/pangocairo-1.0": "^1.0.0-3.1.0"
      }
    },
    "node_modules/@girs/freetype2-2.0": {
      "version": "2.0.0-3.1.0",
      "resolved": "https://registry.npmjs.org/@girs/freetype2-2.0/-/freetype2-2.0-2.0.0-3.1.0.tgz",
      "integrity": "sha512-SUZnJo/agtCeo0SM7FL3UgHwY9ACQnTjWKfubL78YS+sC3hWTNkGcqxQXoNoWViCjvK9muXSZ4pIoHDO3TWHlg==",
      "dependencies": {
        "@girs/gjs": "^3.1.0",
        "@girs/gobject-2.0": "^2.76.1-3.1.0"
      }
    },
    "node_modules/@girs/gck-2": {
      "version": "4.0.0-3.1.0",
      "resolved": "https://registry.npmjs.org/@girs/gck-2/-/gck-2-4.0.0-3.1.0.tgz",
      "integrity": "sha512-uwVgWgmNlKyux2fNA6IPIuaZTZekr+7/FLrgTjZ+Pql7KPjnQlZncj41+Qlh7ajDHjNcvKT8z4gE7IoXFAA5gg==",
      "dependencies": {
        "@girs/gio-2.0": "^2.76.1-3.1.0",
        "@girs/gjs": "^3.1.0",
        "@girs/glib-2.0": "^2.76.1-3.1.0",
        "@girs/gobject-2.0": "^2.76.1-3.1.0"
      }
    },
    "node_modules/@girs/gcr-4": {
      "version": "4.0.0-3.1.0",
      "resolved": "https://registry.npmjs.org/@girs/gcr-4/-/gcr-4-4.0.0-3.1.0.tgz",
      "integrity": "sha512-qyyVrTkjfIC/oYzE5jRgCbDSGxzL7SMrgBo5XTVMMDoefm6l6t1hfAPhiPySNe6FZcGAgPGpJkfWIsdrfQ66zA==",
      "dependencies": {
        "@girs/gck-2": "^4.0.0-3.1.0",
        "@girs/gio-2.0": "^2.76.1-3.1.0",
        "@girs/gjs": "^3.1.0",
        "@girs/glib-2.0": "^2.76.1-3.1.0",
        "@girs/gobject-2.0": "^2.76.1-3.1.0"
      }
    },
    "node_modules/@girs/gdesktopenums-3.0": {
      "version": "3.0.0-3.1.0",
      "resolved": "https://registry.npmjs.org/@girs/gdesktopenums-3.0/-/gdesktopenums-3.0-3.0.0-3.1.0.tgz",
      "integrity": "sha512-6cfdS2EVpMoj2Fox0bhu3rbzfbsKUjBL2ZW2YE1kol0E7FiDo9WB0vanofi0cY9Rq6yn4pqMbrqhyV1BwEMkiA==",
      "dependencies": {
        "@girs/gjs": "^3.1.0",
        "@girs/gobject-2.0": "^2.76.1-3.1.0"
      }
    },
    "node_modules/@girs/gdk-4.0": {
      "version": "4.0.0-3.1.0",
      "resolved": "https://registry.npmjs.org/@girs/gdk-4.0/-/gdk-4.0-4.0.0-3.1.0.tgz",
      "integrity": "sha512-wk5gwT8gPJVJz+W6fejksl9XT/BtVSMjZ96/l7bCKZVT0JwI/QK9mH9Wg5iyfBK416fRxF7g/MvmkLfLNZ4s0Q==",
      "dependencies": {
        "@girs/cairo-1.0": "^1.0.0-3.1.0",
        "@girs/freetype2-2.0": "^2.0.0-3.1.0",
        "@girs/gdkpixbuf-2.0": "^2.0.0-3.1.0",
        "@girs/gio-2.0": "^2.76.1-3.1.0",
        "@girs/gjs": "^3.1.0",
        "@girs/glib-2.0": "^2.76.1-3.1.0",
        "@girs/gmodule-2.0": "^2.0.0-3.1.0",
        "@girs/gobject-2.0": "^2.76.1-3.1.0",
        "@girs/harfbuzz-0.0": "^7.1.0-3.1.0",
        "@girs/pango-1.0": "^1.50.14-3.1.0",
        "@girs/pangocairo-1.0": "^1.0.0-3.1.0"
      }
    },
    "node_modules/@girs/gdkpixbuf-2.0": {
      "version": "2.0.0-3.1.0",
      "resolved": "https://registry.npmjs.org/@girs/gdkpixbuf-2.0/-/gdkpixbuf-2.0-2.0.0-3.1.0.tgz",
      "integrity": "sha512-3J/4XshmQpkxWp9irKRd4znzFZcpsHu5vveoG+A/G6uXUxTIxEwZb5o+b6r609miRs4IlosDA7t0s+EqOr7OtQ==",
      "dependencies": {
        "@girs/gio-2.0": "^2.76.1-3.1.0",
        "@girs/gjs": "^3.1.0",
        "@girs/glib-2.0": "^2.76.1-3.1.0",
        "@girs/gmodule-2.0": "^2.0.0-3.1.0",
        "@girs/gobject-2.0": "^2.76.1-3.1.0"
      }
    },
    "node_modules/@girs/gio-2.0": {
      "version": "2.76.1-3.1.0",
      "resolved": "https://registry.npmjs.org/@girs/gio-2.0/-/gio-2.0-2.76.1-3.1.0.tgz",
      "integrity": "sha512-dhTA6ebOEqpd8Q81WGRA/6MmqUWZzWCPjYnxnIYeHYhd3L2pf4O75Lse8h08EwmKmZ9wI3loILvbj92yc9mlNg==",
      "dependencies": {
        "@girs/gjs": "^3.1.0",
        "@girs/glib-2.0": "^2.76.1-3.1.0",
        "@girs/gobject-2.0": "^2.76.1-3.1.0"
      }
    },
    "node_modules/@girs/gjs": {
      "version": "3.1.0",
      "resolved": "https://registry.npmjs.org/@girs/gjs/-/gjs-3.1.0.tgz",
      "integrity": "sha512-KG2wGr6xNeLGKfReeKMCnbNyxn2X7/EG24UZfHiBVF++eeGBmSAQf3GJ56Yn21WMzxNEJxAQkaoqbeCnfox+Rw==",
      "dependencies": {
        "@girs/glib-2.0": "^2.76.1-3.1.0",
        "@girs/gobject-2.0": "^2.76.1-3.1.0"
      }
    },
    "node_modules/@girs/gl-1.0": {
      "version": "1.0.0-3.1.0",
      "resolved": "https://registry.npmjs.org/@girs/gl-1.0/-/gl-1.0-1.0.0-3.1.0.tgz",
      "integrity": "sha512-zD0QvqV7yvInftnetYNtgtZMCHHcf+mhmdx7PjRypZ4OH0bJkhM9Xf8ACq5qiuutfqoayW4fSi3vfwpS+adeew==",
      "dependencies": {
        "@girs/gjs": "^3.1.0",
        "@girs/gobject-2.0": "^2.76.1-3.1.0"
      }
    },
    "node_modules/@girs/glib-2.0": {
      "version": "2.76.1-3.1.0",
      "resolved": "https://registry.npmjs.org/@girs/glib-2.0/-/glib-2.0-2.76.1-3.1.0.tgz",
      "integrity": "sha512-rJOjFVWO4RzQrp2j+KURmgrRBBlxZudByGeewJQyB3L+od3NydSEukLzhGvJ3pmagTUXk61cP647+Qz/GJD2WA==",
      "dependencies": {
        "@girs/gjs": "^3.1.0",
        "@girs/gobject-2.0": "^2.76.1-3.1.0"
      }
    },
    "node_modules/@girs/gmodule-2.0": {
      "version": "2.0.0-3.1.0",
      "resolved": "https://registry.npmjs.org/@girs/gmodule-2.0/-/gmodule-2.0-2.0.0-3.1.0.tgz",
      "integrity": "sha512-ImU0aJmR/Vj4n/81hEXf9gwN3eGpiPia2jL3/l+TSS4VhV55mGGRGqr2a+GiJyljpE2M6lZTvaMFYKzWOkyL3Q==",
      "dependencies": {
        "@girs/gjs": "^3.1.0",
        "@girs/glib-2.0": "^2.76.1-3.1.0",
        "@girs/gobject-2.0": "^2.76.1-3.1.0"
      }
    },
    "node_modules/@girs/gnome-shell": {
      "version": "3.0.0",
      "resolved": "https://registry.npmjs.org/@girs/gnome-shell/-/gnome-shell-3.0.0.tgz",
      "integrity": "sha512-I1BVcvj+0TymAcpk9YsQSqwJvWgUoKxZySbJKCh/mBsKJfGlZhiBGH/HSyHGbA2Tf5Z99G3+kJv0qYSk43eGMg==",
      "dependencies": {
        "@girs/atk-1.0": "^2.45.1-3.0.0",
        "@girs/cally-12": "^12.0.0-3.0.0",
        "@girs/clutter-12": "^12.0.0-3.0.0",
        "@girs/cogl-2.0": "^2.0.0-3.0.0",
        "@girs/gcr-4": "^4.0.0-3.0.0",
        "@girs/gio-2.0": "^2.76.1-3.0.0",
        "@girs/gjs": "^3.0.0",
        "@girs/glib-2.0": "^2.76.1-3.0.0",
        "@girs/gnomebg-4.0": "^4.0.0-3.0.0",
        "@girs/gnomedesktop-4.0": "^4.0.0-3.0.0",
        "@girs/gobject-2.0": "^2.76.1-3.0.0",
        "@girs/meta-12": "^12.0.0-3.0.0",
        "@girs/shell-12": "^12.0.0-3.0.0",
        "@girs/shew-0": "^0.0.0-3.0.0",
        "@girs/st-12": "^12.0.0-3.0.0"
      }
    },
    "node_modules/@girs/gnomebg-4.0": {
      "version": "4.0.0-3.1.0",
      "resolved": "https://registry.npmjs.org/@girs/gnomebg-4.0/-/gnomebg-4.0-4.0.0-3.1.0.tgz",
      "integrity": "sha512-vTO7BDwG+GdloYuN3O8Y458axENDZpXnudGgxcOa7xkv1vQ0ScW16PYeQlde6qOsWLRtUhESOxGhza6StN0s+A==",
      "dependencies": {
        "@girs/cairo-1.0": "^1.0.0-3.1.0",
        "@girs/freetype2-2.0": "^2.0.0-3.1.0",
        "@girs/gdesktopenums-3.0": "^3.0.0-3.1.0",
        "@girs/gdk-4.0": "^4.0.0-3.1.0",
        "@girs/gdkpixbuf-2.0": "^2.0.0-3.1.0",
        "@girs/gio-2.0": "^2.76.1-3.1.0",
        "@girs/gjs": "^3.1.0",
        "@girs/glib-2.0": "^2.76.1-3.1.0",
        "@girs/gmodule-2.0": "^2.0.0-3.1.0",
        "@girs/gnomedesktop-4.0": "^4.0.0-3.1.0",
        "@girs/gobject-2.0": "^2.76.1-3.1.0",
        "@girs/harfbuzz-0.0": "^7.1.0-3.1.0",
        "@girs/pango-1.0": "^1.50.14-3.1.0",
        "@girs/pangocairo-1.0": "^1.0.0-3.1.0"
      }
    },
    "node_modules/@girs/gnomedesktop-4.0": {
      "version": "4.0.0-3.1.0",
      "resolved": "https://registry.npmjs.org/@girs/gnomedesktop-4.0/-/gnomedesktop-4.0-4.0.0-3.1.0.tgz",
      "integrity": "sha512-TrD45X+X1tTVIh2pS1ciPrKUA5iG2bGMHNWr1dCAyuxmaQtciaIYwAeQTfyoDDgZcAYPo2yIz4+e/dMle55ygA==",
      "dependencies": {
        "@girs/gdesktopenums-3.0": "^3.0.0-3.1.0",
        "@girs/gdkpixbuf-2.0": "^2.0.0-3.1.0",
        "@girs/gio-2.0": "^2.76.1-3.1.0",
        "@girs/gjs": "^3.1.0",
        "@girs/glib-2.0": "^2.76.1-3.1.0",
        "@girs/gmodule-2.0": "^2.0.0-3.1.0",
        "@girs/gobject-2.0": "^2.76.1-3.1.0"
      }
    },
    "node_modules/@girs/gobject-2.0": {
      "version": "2.76.1-3.1.0",
      "resolved": "https://registry.npmjs.org/@girs/gobject-2.0/-/gobject-2.0-2.76.1-3.1.0.tgz",
      "integrity": "sha512-7x4XboeNQy7+fE/6yaeoRvCG89djJpU6oo41CYKgEtmpi2rFTxsvDDb/AV5x0bP9MkTXZwtEWwzM8wYwPZA6Dg==",
      "dependencies": {
        "@girs/gjs": "^3.1.0",
        "@girs/glib-2.0": "^2.76.1-3.1.0"
      }
    },
    "node_modules/@girs/graphene-1.0": {
      "version": "1.0.0-3.1.0",
      "resolved": "https://registry.npmjs.org/@girs/graphene-1.0/-/graphene-1.0-1.0.0-3.1.0.tgz",
      "integrity": "sha512-QSxhcy/hdGm23xcRkAqgR8Oad8BKJp4gDuCVL4/Z629qUdLq2QGgM5j2LjCE/zuqE0WBXIEj48+TLVk5mMrK6w==",
      "dependencies": {
        "@girs/gjs": "^3.1.0",
        "@girs/glib-2.0": "^2.76.1-3.1.0",
        "@girs/gobject-2.0": "^2.76.1-3.1.0"
      }
    },
    "node_modules/@girs/gsk-4.0": {
      "version": "4.0.0-3.1.0",
      "resolved": "https://registry.npmjs.org/@girs/gsk-4.0/-/gsk-4.0-4.0.0-3.1.0.tgz",
      "integrity": "sha512-7+zO77mKm8xB3qgXKgvoiLZM0kG1xdU2oLaSicfaLz/whuLk4In3y8m0+anfTdHPVkOruI4Nigl2i4vGPudX5Q==",
      "dependencies": {
        "@girs/cairo-1.0": "^1.0.0-3.1.0",
        "@girs/freetype2-2.0": "^2.0.0-3.1.0",
        "@girs/gdk-4.0": "^4.0.0-3.1.0",
        "@girs/gdkpixbuf-2.0": "^2.0.0-3.1.0",
        "@girs/gio-2.0": "^2.76.1-3.1.0",
        "@girs/gjs": "^3.1.0",
        "@girs/glib-2.0": "^2.76.1-3.1.0",
        "@girs/gmodule-2.0": "^2.0.0-3.1.0",
        "@girs/gobject-2.0": "^2.76.1-3.1.0",
        "@girs/graphene-1.0": "^1.0.0-3.1.0",
        "@girs/harfbuzz-0.0": "^7.1.0-3.1.0",
        "@girs/pango-1.0": "^1.50.14-3.1.0",
        "@girs/pangocairo-1.0": "^1.0.0-3.1.0"
      }
    },
    "node_modules/@girs/gtk-4.0": {
      "version": "4.10.4-3.1.0",
      "resolved": "https://registry.npmjs.org/@girs/gtk-4.0/-/gtk-4.0-4.10.4-3.1.0.tgz",
      "integrity": "sha512-n+3F4X3XyHKWvGZjeH7XXcdOp68Jegd5eFG5k/AZfHEyrBSH6m91M6keHpncpKGjzWtjudyVupemEzmj3C23Lw==",
      "dependencies": {
        "@girs/cairo-1.0": "^1.0.0-3.1.0",
        "@girs/freetype2-2.0": "^2.0.0-3.1.0",
        "@girs/gdk-4.0": "^4.0.0-3.1.0",
        "@girs/gdkpixbuf-2.0": "^2.0.0-3.1.0",
        "@girs/gio-2.0": "^2.76.1-3.1.0",
        "@girs/gjs": "^3.1.0",
        "@girs/glib-2.0": "^2.76.1-3.1.0",
        "@girs/gmodule-2.0": "^2.0.0-3.1.0",
        "@girs/gobject-2.0": "^2.76.1-3.1.0",
        "@girs/graphene-1.0": "^1.0.0-3.1.0",
        "@girs/gsk-4.0": "^4.0.0-3.1.0",
        "@girs/harfbuzz-0.0": "^7.1.0-3.1.0",
        "@girs/pango-1.0": "^1.50.14-3.1.0",
        "@girs/pangocairo-1.0": "^1.0.0-3.1.0"
      }
    },
    "node_modules/@girs/gvc-1.0": {
      "version": "1.0.0-3.1.0",
      "resolved": "https://registry.npmjs.org/@girs/gvc-1.0/-/gvc-1.0-1.0.0-3.1.0.tgz",
      "integrity": "sha512-1fVL6KzniwIkUlKtLnssPqFTEu6YvZcz2Mb0Xxf/0ohve9R5L9pnIQkQmcPUqbVQZv5ktrWuclyMbsjJImWbLg==",
      "dependencies": {
        "@girs/gio-2.0": "^2.76.1-3.1.0",
        "@girs/gjs": "^3.1.0",
        "@girs/glib-2.0": "^2.76.1-3.1.0",
        "@girs/gobject-2.0": "^2.76.1-3.1.0"
      }
    },
    "node_modules/@girs/harfbuzz-0.0": {
      "version": "7.1.0-3.1.0",
      "resolved": "https://registry.npmjs.org/@girs/harfbuzz-0.0/-/harfbuzz-0.0-7.1.0-3.1.0.tgz",
      "integrity": "sha512-QzwHzTjxjzsdzU/dCBOa+OquxPnnWU39PqcEZGq/f2XXND1T/Mbu6vUKcxHK9wFUzwu33B9WJb1SE7b9DpCiZw==",
      "dependencies": {
        "@girs/freetype2-2.0": "^2.0.0-3.1.0",
        "@girs/gjs": "^3.1.0",
        "@girs/glib-2.0": "^2.76.1-3.1.0",
        "@girs/gobject-2.0": "^2.76.1-3.1.0"
      }
    },
    "node_modules/@girs/json-1.0": {
      "version": "1.7.1-3.1.0",
      "resolved": "https://registry.npmjs.org/@girs/json-1.0/-/json-1.0-1.7.1-3.1.0.tgz",
      "integrity": "sha512-/QJsOUMVG6tYt0iooWIacadMX28fu2fTmEAjx58I//Wmh5vbSDd+NXybwVYleU23q8DDvAwBFViJIHainRCTow==",
      "dependencies": {
        "@girs/gio-2.0": "^2.76.1-3.1.0",
        "@girs/gjs": "^3.1.0",
        "@girs/glib-2.0": "^2.76.1-3.1.0",
        "@girs/gobject-2.0": "^2.76.1-3.1.0"
      }
    },
    "node_modules/@girs/meta-12": {
      "version": "12.0.0-3.1.0",
      "resolved": "https://registry.npmjs.org/@girs/meta-12/-/meta-12-12.0.0-3.1.0.tgz",
      "integrity": "sha512-OupjuU5GPQVGtQa+R9+r7MsaGKV+GyV6GaWCzFN/O3rgf0/0i8q889JH+2J9vwIFVoRLZJxg6MfyKa7JpcsgZA==",
      "dependencies": {
        "@girs/atk-1.0": "^2.48.3-3.1.0",
        "@girs/cairo-1.0": "^1.0.0-3.1.0",
        "@girs/clutter-12": "^12.0.0-3.1.0",
        "@girs/cogl-12": "^12.0.0-3.1.0",
        "@girs/coglpango-12": "^12.0.0-3.1.0",
        "@girs/freetype2-2.0": "^2.0.0-3.1.0",
        "@girs/gdesktopenums-3.0": "^3.0.0-3.1.0",
        "@girs/gio-2.0": "^2.76.1-3.1.0",
        "@girs/gjs": "^3.1.0",
        "@girs/gl-1.0": "^1.0.0-3.1.0",
        "@girs/glib-2.0": "^2.76.1-3.1.0",
        "@girs/gobject-2.0": "^2.76.1-3.1.0",
        "@girs/graphene-1.0": "^1.0.0-3.1.0",
        "@girs/harfbuzz-0.0": "^7.1.0-3.1.0",
        "@girs/json-1.0": "^1.7.1-3.1.0",
        "@girs/pango-1.0": "^1.50.14-3.1.0",
        "@girs/pangocairo-1.0": "^1.0.0-3.1.0",
        "@girs/xfixes-4.0": "^4.0.0-3.1.0",
        "@girs/xlib-2.0": "^2.0.0-3.1.0"
      }
    },
    "node_modules/@girs/meta-12/node_modules/@girs/atk-1.0": {
      "version": "2.48.3-3.1.0",
      "resolved": "https://registry.npmjs.org/@girs/atk-1.0/-/atk-1.0-2.48.3-3.1.0.tgz",
      "integrity": "sha512-BWHOCJgqIwWOvNCc7pa+0ToXx9Z8Cqc6DQwsqB7VbcRe7q/I6maPeCrTC+YwRI48GUPBz4Zf6r+PAzkOQhr3wg==",
      "dependencies": {
        "@girs/gjs": "^3.1.0",
        "@girs/glib-2.0": "^2.76.1-3.1.0",
        "@girs/gobject-2.0": "^2.76.1-3.1.0"
      }
    },
    "node_modules/@girs/nm-1.0": {
      "version": "1.43.1-3.1.0",
      "resolved": "https://registry.npmjs.org/@girs/nm-1.0/-/nm-1.0-1.43.1-3.1.0.tgz",
      "integrity": "sha512-2jawCPFAFlBmlsQ0334+SIYZJ1zXiHClU0PRiPZPAuOx+NzIpvAjEjprynrwFHwZ2azjmSjFp5AQ/wTTiDLJ/g==",
      "dependencies": {
        "@girs/gio-2.0": "^2.76.1-3.1.0",
        "@girs/gjs": "^3.1.0",
        "@girs/glib-2.0": "^2.76.1-3.1.0",
        "@girs/gobject-2.0": "^2.76.1-3.1.0"
      }
    },
    "node_modules/@girs/pango-1.0": {
      "version": "1.50.14-3.1.0",
      "resolved": "https://registry.npmjs.org/@girs/pango-1.0/-/pango-1.0-1.50.14-3.1.0.tgz",
      "integrity": "sha512-rbzXDOHC7prudyYxUGxMwCbbzG8OMwv97NVEGhpqwKcP1NHykjfn2+fWV2u9agv4TyrfnTAHm1WJGkDlh6z+Mw==",
      "dependencies": {
        "@girs/cairo-1.0": "^1.0.0-3.1.0",
        "@girs/freetype2-2.0": "^2.0.0-3.1.0",
        "@girs/gio-2.0": "^2.76.1-3.1.0",
        "@girs/gjs": "^3.1.0",
        "@girs/glib-2.0": "^2.76.1-3.1.0",
        "@girs/gobject-2.0": "^2.76.1-3.1.0",
        "@girs/harfbuzz-0.0": "^7.1.0-3.1.0"
      }
    },
    "node_modules/@girs/pangocairo-1.0": {
      "version": "1.0.0-3.1.0",
      "resolved": "https://registry.npmjs.org/@girs/pangocairo-1.0/-/pangocairo-1.0-1.0.0-3.1.0.tgz",
      "integrity": "sha512-pxNENuO9tBZOUsalS8HeUcaWiDk7QyujWy/wUyRcgUlJad4g3rIUH8VIeTtqGU4ft1HK6NSHYju3N8szlmHLOQ==",
      "dependencies": {
        "@girs/cairo-1.0": "^1.0.0-3.1.0",
        "@girs/freetype2-2.0": "^2.0.0-3.1.0",
        "@girs/gio-2.0": "^2.76.1-3.1.0",
        "@girs/gjs": "^3.1.0",
        "@girs/glib-2.0": "^2.76.1-3.1.0",
        "@girs/gobject-2.0": "^2.76.1-3.1.0",
        "@girs/harfbuzz-0.0": "^7.1.0-3.1.0",
        "@girs/pango-1.0": "^1.50.14-3.1.0"
      }
    },
    "node_modules/@girs/polkit-1.0": {
      "version": "1.0.0-3.1.0",
      "resolved": "https://registry.npmjs.org/@girs/polkit-1.0/-/polkit-1.0-1.0.0-3.1.0.tgz",
      "integrity": "sha512-ZGoXIPvG9FZOH5xEwV0HGd/lHiixVJbri/IkGxnv8RNHsHMzyb/lPo2o0ZmpGNa7b7odqlcZzTky6QDaai4O4w==",
      "dependencies": {
        "@girs/gio-2.0": "^2.76.1-3.1.0",
        "@girs/gjs": "^3.1.0",
        "@girs/glib-2.0": "^2.76.1-3.1.0",
        "@girs/gobject-2.0": "^2.76.1-3.1.0"
      }
    },
    "node_modules/@girs/polkitagent-1.0": {
      "version": "1.0.0-3.1.0",
      "resolved": "https://registry.npmjs.org/@girs/polkitagent-1.0/-/polkitagent-1.0-1.0.0-3.1.0.tgz",
      "integrity": "sha512-09YXtHQeG2rhnFQ6uxvmeLSvLBwSUQypp+qg16opWlhY4pKvj7Ubn+wUA9p4no9+2NlNZR5OB6OHcxIyEPeipA==",
      "dependencies": {
        "@girs/gio-2.0": "^2.76.1-3.1.0",
        "@girs/gjs": "^3.1.0",
        "@girs/glib-2.0": "^2.76.1-3.1.0",
        "@girs/gobject-2.0": "^2.76.1-3.1.0",
        "@girs/polkit-1.0": "^1.0.0-3.1.0"
      }
    },
    "node_modules/@girs/shell-12": {
      "version": "12.0.0-3.1.0",
      "resolved": "https://registry.npmjs.org/@girs/shell-12/-/shell-12-12.0.0-3.1.0.tgz",
      "integrity": "sha512-5XPkQTIklhjK3Ar+ShHIJzWYhn5fvAIofjTXsDxwy6bZwpwxgrWD3mnOaZjUbeR/SS8bX73g1ush0vOROLoODQ==",
      "dependencies": {
        "@girs/atk-1.0": "^2.48.3-3.1.0",
        "@girs/cairo-1.0": "^1.0.0-3.1.0",
        "@girs/cally-12": "^12.0.0-3.1.0",
        "@girs/clutter-12": "^12.0.0-3.1.0",
        "@girs/cogl-12": "^12.0.0-3.1.0",
        "@girs/coglpango-12": "^12.0.0-3.1.0",
        "@girs/freetype2-2.0": "^2.0.0-3.1.0",
        "@girs/gck-2": "^4.0.0-3.1.0",
        "@girs/gcr-4": "^4.0.0-3.1.0",
        "@girs/gdesktopenums-3.0": "^3.0.0-3.1.0",
        "@girs/gdkpixbuf-2.0": "^2.0.0-3.1.0",
        "@girs/gio-2.0": "^2.76.1-3.1.0",
        "@girs/gjs": "^3.1.0",
        "@girs/gl-1.0": "^1.0.0-3.1.0",
        "@girs/glib-2.0": "^2.76.1-3.1.0",
        "@girs/gmodule-2.0": "^2.0.0-3.1.0",
        "@girs/gobject-2.0": "^2.76.1-3.1.0",
        "@girs/graphene-1.0": "^1.0.0-3.1.0",
        "@girs/gvc-1.0": "^1.0.0-3.1.0",
        "@girs/harfbuzz-0.0": "^7.1.0-3.1.0",
        "@girs/json-1.0": "^1.7.1-3.1.0",
        "@girs/meta-12": "^12.0.0-3.1.0",
        "@girs/nm-1.0": "^1.43.1-3.1.0",
        "@girs/pango-1.0": "^1.50.14-3.1.0",
        "@girs/pangocairo-1.0": "^1.0.0-3.1.0",
        "@girs/polkit-1.0": "^1.0.0-3.1.0",
        "@girs/polkitagent-1.0": "^1.0.0-3.1.0",
        "@girs/st-12": "^12.0.0-3.1.0",
        "@girs/xfixes-4.0": "^4.0.0-3.1.0",
        "@girs/xlib-2.0": "^2.0.0-3.1.0"
      }
    },
    "node_modules/@girs/shell-12/node_modules/@girs/atk-1.0": {
      "version": "2.48.3-3.1.0",
      "resolved": "https://registry.npmjs.org/@girs/atk-1.0/-/atk-1.0-2.48.3-3.1.0.tgz",
      "integrity": "sha512-BWHOCJgqIwWOvNCc7pa+0ToXx9Z8Cqc6DQwsqB7VbcRe7q/I6maPeCrTC+YwRI48GUPBz4Zf6r+PAzkOQhr3wg==",
      "dependencies": {
        "@girs/gjs": "^3.1.0",
        "@girs/glib-2.0": "^2.76.1-3.1.0",
        "@girs/gobject-2.0": "^2.76.1-3.1.0"
      }
    },
    "node_modules/@girs/shew-0": {
      "version": "0.0.0-3.1.0",
      "resolved": "https://registry.npmjs.org/@girs/shew-0/-/shew-0-0.0.0-3.1.0.tgz",
      "integrity": "sha512-cgVKTagvP98kehEua0FHhrX//8sm/cH6Ob3iTAcUsllhC7mMNFrXQGoXbRG94AFq3U9tse4iA+QgeN0+PS5wag==",
      "dependencies": {
        "@girs/cairo-1.0": "^1.0.0-3.1.0",
        "@girs/freetype2-2.0": "^2.0.0-3.1.0",
        "@girs/gdk-4.0": "^4.0.0-3.1.0",
        "@girs/gdkpixbuf-2.0": "^2.0.0-3.1.0",
        "@girs/gio-2.0": "^2.76.1-3.1.0",
        "@girs/gjs": "^3.1.0",
        "@girs/glib-2.0": "^2.76.1-3.1.0",
        "@girs/gmodule-2.0": "^2.0.0-3.1.0",
        "@girs/gobject-2.0": "^2.76.1-3.1.0",
        "@girs/graphene-1.0": "^1.0.0-3.1.0",
        "@girs/gsk-4.0": "^4.0.0-3.1.0",
        "@girs/gtk-4.0": "^4.10.4-3.1.0",
        "@girs/harfbuzz-0.0": "^7.1.0-3.1.0",
        "@girs/pango-1.0": "^1.50.14-3.1.0",
        "@girs/pangocairo-1.0": "^1.0.0-3.1.0"
      }
    },
    "node_modules/@girs/st-12": {
      "version": "12.0.0-3.1.0",
      "resolved": "https://registry.npmjs.org/@girs/st-12/-/st-12-12.0.0-3.1.0.tgz",
      "integrity": "sha512-6kGOTo+yTubea/jL8ORqKXUbTJmrxdN7pYkuou2T1gw93jPZhLU/pbgfqkh0nnRKF96ElVTTJmKl3oTfXAhPww==",
      "dependencies": {
        "@girs/atk-1.0": "^2.48.3-3.1.0",
        "@girs/cairo-1.0": "^1.0.0-3.1.0",
        "@girs/cally-12": "^12.0.0-3.1.0",
        "@girs/clutter-12": "^12.0.0-3.1.0",
        "@girs/cogl-12": "^12.0.0-3.1.0",
        "@girs/coglpango-12": "^12.0.0-3.1.0",
        "@girs/freetype2-2.0": "^2.0.0-3.1.0",
        "@girs/gdesktopenums-3.0": "^3.0.0-3.1.0",
        "@girs/gdkpixbuf-2.0": "^2.0.0-3.1.0",
        "@girs/gio-2.0": "^2.76.1-3.1.0",
        "@girs/gjs": "^3.1.0",
        "@girs/gl-1.0": "^1.0.0-3.1.0",
        "@girs/glib-2.0": "^2.76.1-3.1.0",
        "@girs/gmodule-2.0": "^2.0.0-3.1.0",
        "@girs/gobject-2.0": "^2.76.1-3.1.0",
        "@girs/graphene-1.0": "^1.0.0-3.1.0",
        "@girs/harfbuzz-0.0": "^7.1.0-3.1.0",
        "@girs/json-1.0": "^1.7.1-3.1.0",
        "@girs/meta-12": "^12.0.0-3.1.0",
        "@girs/pango-1.0": "^1.50.14-3.1.0",
        "@girs/pangocairo-1.0": "^1.0.0-3.1.0",
        "@girs/xfixes-4.0": "^4.0.0-3.1.0",
        "@girs/xlib-2.0": "^2.0.0-3.1.0"
      }
    },
    "node_modules/@girs/st-12/node_modules/@girs/atk-1.0": {
      "version": "2.48.3-3.1.0",
      "resolved": "https://registry.npmjs.org/@girs/atk-1.0/-/atk-1.0-2.48.3-3.1.0.tgz",
      "integrity": "sha512-BWHOCJgqIwWOvNCc7pa+0ToXx9Z8Cqc6DQwsqB7VbcRe7q/I6maPeCrTC+YwRI48GUPBz4Zf6r+PAzkOQhr3wg==",
      "dependencies": {
        "@girs/gjs": "^3.1.0",
        "@girs/glib-2.0": "^2.76.1-3.1.0",
        "@girs/gobject-2.0": "^2.76.1-3.1.0"
      }
    },
    "node_modules/@girs/xfixes-4.0": {
      "version": "4.0.0-3.1.0",
      "resolved": "https://registry.npmjs.org/@girs/xfixes-4.0/-/xfixes-4.0-4.0.0-3.1.0.tgz",
      "integrity": "sha512-Ap5yS+VecwnjZDLhwbOXjvZmYDn1yFbqYiAfkVhpvYQf+79ie2D1B3/SHxT19LzGY91KVViV/dLQRUnzl6HbQg==",
      "dependencies": {
        "@girs/gjs": "^3.1.0",
        "@girs/gobject-2.0": "^2.76.1-3.1.0"
      }
    },
    "node_modules/@girs/xlib-2.0": {
      "version": "2.0.0-3.1.0",
      "resolved": "https://registry.npmjs.org/@girs/xlib-2.0/-/xlib-2.0-2.0.0-3.1.0.tgz",
      "integrity": "sha512-ge/rdPSE/yxvp88qLmexnWBstVzis7Z3bQcKVFD5LOgpNVYfzczgGaMb7HJxYDAY9KnBwTAl0+DUkC2VlAZ7Pw==",
      "dependencies": {
        "@girs/gjs": "^3.1.0",
        "@girs/gobject-2.0": "^2.76.1-3.1.0"
      }
    }
  }
}
